
Microsoft Visual Studio Solution File, Format Version 12.00
# Visual Studio Version 17
VisualStudioVersion = 17.9.34607.119
MinimumVisualStudioVersion = 10.0.40219.1
Project("{FAE04EC0-301F-11D3-BF4B-00C04F79EFBC}") = "Exam_PeopleSystem", "Exam_PeopleSystem\Exam_PeopleSystem.csproj", "{12311A9B-C39F-4744-B02C-2D40C1AAFCDF}"
EndProject
Global
	GlobalSection(SolutionConfigurationPlatforms) = preSolution
		Debug|Any CPU = Debug|Any CPU
		Release|Any CPU = Release|Any CPU
	EndGlobalSection
	GlobalSection(ProjectConfigurationPlatforms) = postSolution
		{12311A9B-C39F-4744-B02C-2D40C1AAFCDF}.Debug|Any CPU.ActiveCfg = Debug|Any CPU
		{12311A9B-C39F-4744-B02C-2D40C1AAFCDF}.Debug|Any CPU.Build.0 = Debug|Any CPU
		{12311A9B-C39F-4744-B02C-2D40C1AAFCDF}.Release|Any CPU.ActiveCfg = Release|Any CPU
		{12311A9B-C39F-4744-B02C-2D40C1AAFCDF}.Release|Any CPU.Build.0 = Release|Any CPU
	EndGlobalSection
	GlobalSection(SolutionProperties) = preSolution
		HideSolutionNode = FALSE
	EndGlobalSection
	GlobalSection(ExtensibilityGlobals) = postSolution
		SolutionGuid = {30BBC075-0101-48DE-9432-ED924EAD287A}
	EndGlobalSection
EndGlobal
